Microsoft Visual Studio Solution File, Format Version 11.00
# Visual Studio 2008


Global
	GlobalSection(SolutionConfigurationPlatforms) = preSolution
		Debug|Any CPU = Debug|Any CPU
		Release|Any CPU = Release|Any CPU
	EndGlobalSection
	GlobalSection(ProjectConfigurationPlatforms) = postSolution

	EndGlobalSection
	GlobalSection(SolutionProperties) = preSolution
		HideSolutionNode = FALSE
	EndGlobalSection
																																												GlobalSection(MonoDevelopProperties) = preSolution
=======
																																				GlobalSection(MonoDevelopProperties) = preSolution
=======
																																						GlobalSection(MonoDevelopProperties) = preSolution
>>>>>>> 91ef6e4e7b635a98e27fe8d958950b470ab12644
>>>>>>> cf442c6e8a3956ab92317523bd1216c32ec9ef44
=======
<<<<<<< HEAD
																	GlobalSection(MonoDevelopProperties) = preSolution
=======
																							GlobalSection(MonoDevelopProperties) = preSolution
>>>>>>> 02b29e4826fd1c9a5adcc6013ceafd49544cb0da
>>>>>>> 505cc596fae5406ca9c4743d262edbddab0e62bb
=======
<<<<<<< HEAD
																GlobalSection(MonoDevelopProperties) = preSolution
=======
															GlobalSection(MonoDevelopProperties) = preSolution
>>>>>>> origin/master
>>>>>>> origin/master
=======
										GlobalSection(MonoDevelopProperties) = preSolution
>>>>>>> Stashed changes
		StartupItem = Assembly-CSharp.csproj
		Policies = $0
		$0.TextStylePolicy = $1
		$1.inheritsSet = null
		$1.scope = text/x-csharp
		$0.CSharpFormattingPolicy = $2
		$2.inheritsSet = Mono
		$2.inheritsScope = text/x-csharp
		$2.scope = text/x-csharp
		$0.TextStylePolicy = $3
		$3.FileWidth = 120
		$3.TabWidth = 4
		$3.EolMarker = Unix
		$3.inheritsSet = Mono
		$3.inheritsScope = text/plain
		$3.scope = text/plain
	EndGlobalSection

EndGlobal
